
Microsoft Visual Studio Solution File, Format Version 12.00
# Visual Studio Version 16
VisualStudioVersion = 16.0.30413.136
MinimumVisualStudioVersion = 10.0.40219.1
Project("{FAE04EC0-301F-11D3-BF4B-00C04F79EFBC}") = "Hello World", "Hello World\Hello World.csproj", "{FCD466A0-0245-40EA-A789-87042D38BE9B}"
EndProject
Global
	GlobalSection(SolutionConfigurationPlatforms) = preSolution
		Debug|Any CPU = Debug|Any CPU
		Release|Any CPU = Release|Any CPU
	EndGlobalSection
	GlobalSection(ProjectConfigurationPlatforms) = postSolution
		{FCD466A0-0245-40EA-A789-87042D38BE9B}.Debug|Any CPU.ActiveCfg = Debug|Any CPU
		{FCD466A0-0245-40EA-A789-87042D38BE9B}.Debug|Any CPU.Build.0 = Debug|Any CPU
		{FCD466A0-0245-40EA-A789-87042D38BE9B}.Release|Any CPU.ActiveCfg = Release|Any CPU
		{FCD466A0-0245-40EA-A789-87042D38BE9B}.Release|Any CPU.Build.0 = Release|Any CPU
	EndGlobalSection
	GlobalSection(SolutionProperties) = preSolution
		HideSolutionNode = FALSE
	EndGlobalSection
	GlobalSection(ExtensibilityGlobals) = postSolution
		SolutionGuid = {652C4C93-3138-4448-B0E9-951A5235158D}
	EndGlobalSection
EndGlobal
